Microsoft Visual Studio Solution File, Format Version 11.00
# Visual Studio 2008

Project("{0187A06D-D83E-8833-201A-51531BE4392F}") = "ARubik", "Assembly-CSharp.csproj", "{73569FA2-059C-00A3-82B3-E22ADD0574AD}"
EndProject
Project("{0187A06D-D83E-8833-201A-51531BE4392F}") = "ARubik", "Assembly-CSharp-Editor.csproj", "{1189A1D9-5A74-4274-A5BB-0C09B52CA089}"
EndProject
Global
	GlobalSection(SolutionConfigurationPlatforms) = preSolution
		Debug|Any CPU = Debug|Any CPU
		Release|Any CPU = Release|Any CPU
	EndGlobalSection
	GlobalSection(ProjectConfigurationPlatforms) = postSolution
		{73569FA2-059C-00A3-82B3-E22ADD0574AD}.Debug|Any CPU.ActiveCfg = Debug|Any CPU
		{73569FA2-059C-00A3-82B3-E22ADD0574AD}.Debug|Any CPU.Build.0 = Debug|Any CPU
		{73569FA2-059C-00A3-82B3-E22ADD0574AD}.Release|Any CPU.ActiveCfg = Release|Any CPU
		{73569FA2-059C-00A3-82B3-E22ADD0574AD}.Release|Any CPU.Build.0 = Release|Any CPU
		{1189A1D9-5A74-4274-A5BB-0C09B52CA089}.Debug|Any CPU.ActiveCfg = Debug|Any CPU
		{1189A1D9-5A74-4274-A5BB-0C09B52CA089}.Debug|Any CPU.Build.0 = Debug|Any CPU
		{1189A1D9-5A74-4274-A5BB-0C09B52CA089}.Release|Any CPU.ActiveCfg = Release|Any CPU
		{1189A1D9-5A74-4274-A5BB-0C09B52CA089}.Release|Any CPU.Build.0 = Release|Any CPU
	EndGlobalSection
	GlobalSection(SolutionProperties) = preSolution
		HideSolutionNode = FALSE
	EndGlobalSection
	GlobalSection(MonoDevelopProperties) = preSolution
		StartupItem = Assembly-CSharp.csproj
	EndGlobalSection
EndGlobal
